
Microsoft Visual Studio Solution File, Format Version 12.00
# Visual Studio Version 17
VisualStudioVersion = 17.6.33815.320
MinimumVisualStudioVersion = 10.0.40219.1
Project("{FAE04EC0-301F-11D3-BF4B-00C04F79EFBC}") = "Pram", "Pram.csproj", "{BA7EAB46-4306-48CA-A8E9-5CB12A7DFFF4}"
EndProject
Global
	GlobalSection(SolutionConfigurationPlatforms) = preSolution
		Debug|Any CPU = Debug|Any CPU
		Release|Any CPU = Release|Any CPU
	EndGlobalSection
	GlobalSection(ProjectConfigurationPlatforms) = postSolution
		{BA7EAB46-4306-48CA-A8E9-5CB12A7DFFF4}.Debug|Any CPU.ActiveCfg = Debug|Any CPU
		{BA7EAB46-4306-48CA-A8E9-5CB12A7DFFF4}.Debug|Any CPU.Build.0 = Debug|Any CPU
		{BA7EAB46-4306-48CA-A8E9-5CB12A7DFFF4}.Release|Any CPU.ActiveCfg = Release|Any CPU
		{BA7EAB46-4306-48CA-A8E9-5CB12A7DFFF4}.Release|Any CPU.Build.0 = Release|Any CPU
	EndGlobalSection
	GlobalSection(SolutionProperties) = preSolution
		HideSolutionNode = FALSE
	EndGlobalSection
	GlobalSection(ExtensibilityGlobals) = postSolution
		SolutionGuid = {462B67CC-B2D6-40AD-AEAC-266406B55BC0}
	EndGlobalSection
EndGlobal
